
Microsoft Visual Studio Solution File, Format Version 12.00
# Visual Studio 15
VisualStudioVersion = 15.0.27004.2009
MinimumVisualStudioVersion = 10.0.40219.1
Project("{2150E333-8FDC-42A3-9474-1A3956D46DE8}") = "Mod01Lab", "Mod01Lab", "{850464A5-0457-4AA6-9D4B-A96BC8219B37}"
EndProject
Project("{FAE04EC0-301F-11D3-BF4B-00C04F79EFBC}") = "School", "Exercise 1\School\School.csproj", "{8FE94A3F-7DD0-414F-8D6D-4F0C2A3CF760}"
EndProject
Project("{2150E333-8FDC-42A3-9474-1A3956D46DE8}") = "Exercise 1", "Exercise 1", "{68E0D0D8-C480-4CEA-A781-4E81FDB32B10}"
EndProject
Project("{FAE04EC0-301F-11D3-BF4B-00C04F79EFBC}") = "School", "Exercise 2\School\School.csproj", "{29993F2A-6E25-4810-BE3D-85C2B7EACF06}"
EndProject
Project("{2150E333-8FDC-42A3-9474-1A3956D46DE8}") = "Exercise 2", "Exercise 2", "{12E990AF-AB59-4695-8E8B-78C1D90BCC48}"
EndProject
Project("{2150E333-8FDC-42A3-9474-1A3956D46DE8}") = "Exercise 3", "Exercise 3", "{59ECB67D-08B1-4D1E-905B-5C045D43A739}"
EndProject
Project("{FAE04EC0-301F-11D3-BF4B-00C04F79EFBC}") = "School", "Exercise 3\School\School.csproj", "{E13A3E2D-6FDF-49C8-836B-59152BDFA722}"
EndProject
Global
	GlobalSection(SolutionConfigurationPlatforms) = preSolution
		Debug|Any CPU = Debug|Any CPU
		Release|Any CPU = Release|Any CPU
	EndGlobalSection
	GlobalSection(ProjectConfigurationPlatforms) = postSolution
		{8FE94A3F-7DD0-414F-8D6D-4F0C2A3CF760}.Debug|Any CPU.ActiveCfg = Debug|Any CPU
		{8FE94A3F-7DD0-414F-8D6D-4F0C2A3CF760}.Debug|Any CPU.Build.0 = Debug|Any CPU
		{8FE94A3F-7DD0-414F-8D6D-4F0C2A3CF760}.Release|Any CPU.ActiveCfg = Release|Any CPU
		{8FE94A3F-7DD0-414F-8D6D-4F0C2A3CF760}.Release|Any CPU.Build.0 = Release|Any CPU
		{29993F2A-6E25-4810-BE3D-85C2B7EACF06}.Debug|Any CPU.ActiveCfg = Debug|Any CPU
		{29993F2A-6E25-4810-BE3D-85C2B7EACF06}.Debug|Any CPU.Build.0 = Debug|Any CPU
		{29993F2A-6E25-4810-BE3D-85C2B7EACF06}.Release|Any CPU.ActiveCfg = Release|Any CPU
		{29993F2A-6E25-4810-BE3D-85C2B7EACF06}.Release|Any CPU.Build.0 = Release|Any CPU
		{E13A3E2D-6FDF-49C8-836B-59152BDFA722}.Debug|Any CPU.ActiveCfg = Debug|Any CPU
		{E13A3E2D-6FDF-49C8-836B-59152BDFA722}.Debug|Any CPU.Build.0 = Debug|Any CPU
		{E13A3E2D-6FDF-49C8-836B-59152BDFA722}.Release|Any CPU.ActiveCfg = Release|Any CPU
		{E13A3E2D-6FDF-49C8-836B-59152BDFA722}.Release|Any CPU.Build.0 = Release|Any CPU
	EndGlobalSection
	GlobalSection(SolutionProperties) = preSolution
		HideSolutionNode = FALSE
	EndGlobalSection
	GlobalSection(NestedProjects) = preSolution
		{8FE94A3F-7DD0-414F-8D6D-4F0C2A3CF760} = {68E0D0D8-C480-4CEA-A781-4E81FDB32B10}
		{68E0D0D8-C480-4CEA-A781-4E81FDB32B10} = {850464A5-0457-4AA6-9D4B-A96BC8219B37}
		{29993F2A-6E25-4810-BE3D-85C2B7EACF06} = {12E990AF-AB59-4695-8E8B-78C1D90BCC48}
		{12E990AF-AB59-4695-8E8B-78C1D90BCC48} = {850464A5-0457-4AA6-9D4B-A96BC8219B37}
		{59ECB67D-08B1-4D1E-905B-5C045D43A739} = {850464A5-0457-4AA6-9D4B-A96BC8219B37}
		{E13A3E2D-6FDF-49C8-836B-59152BDFA722} = {59ECB67D-08B1-4D1E-905B-5C045D43A739}
	EndGlobalSection
	GlobalSection(ExtensibilityGlobals) = postSolution
		SolutionGuid = {51C44E1C-0CEC-4853-BAEC-5C4FA90454D6}
	EndGlobalSection
EndGlobal
